<?xml version="1.0" encoding="utf-8"?>
<Project ToolsVersion="4.0" xmlns="http://schemas.microsoft.com/developer/msbuild/2003">
  <ItemGroup>
    <Filter Include="Files">
      <UniqueIdentifier>{4FC737F1-C7A5-4376-A066-2A32D752A2FF}</UniqueIdentifier>
      <Extensions>cpp;c;cc;cxx;c++;cppm;ixx;def;odl;idl;hpj;bat;asm;asmx</Extensions>
    </Filter>
    <Filter Include="Files\Board">
      <UniqueIdentifier>{76b600b2-504e-4b68-9fef-d19a178d8d09}</UniqueIdentifier>
    </Filter>
    <Filter Include="Files\Input">
      <UniqueIdentifier>{c539e48c-2abc-43fd-a391-0eb7c2a96594}</UniqueIdentifier>
    </Filter>
    <Filter Include="Files\MoveExecution">
      <UniqueIdentifier>{336fbaaf-f33c-45df-8fbd-937a8e7e63d0}</UniqueIdentifier>
    </Filter>
    <Filter Include="Files\MoveGenerator">
      <UniqueIdentifier>{ed7e6080-486e-4676-bbe3-1154a8b1df35}</UniqueIdentifier>
    </Filter>
  </ItemGroup>
  <ItemGroup>
    <ClCompile Include="main.cpp">
      <Filter>Files</Filter>
    </ClCompile>
    <ClCompile Include="board.cpp">
      <Filter>Files\Board</Filter>
    </ClCompile>
    <ClCompile Include="input.cpp">
      <Filter>Files\Input</Filter>
    </ClCompile>
    <ClCompile Include="move_executor.cpp">
      <Filter>Files\MoveExecution</Filter>
    </ClCompile>
    <ClCompile Include="move_generator.cpp">
      <Filter>Files\MoveGenerator</Filter>
    </ClCompile>
    <ClCompile Include="generator_helpers.cpp">
      <Filter>Files\MoveGenerator</Filter>
    </ClCompile>
  </ItemGroup>
  <ItemGroup>
    <ClInclude Include="board.hpp">
      <Filter>Files\Board</Filter>
    </ClInclude>
    <ClInclude Include="input.hpp">
      <Filter>Files\Input</Filter>
    </ClInclude>
    <ClInclude Include="core.hpp">
      <Filter>Files\Board</Filter>
    </ClInclude>
    <ClInclude Include="constants.hpp">
      <Filter>Files\Board</Filter>
    </ClInclude>
    <ClInclude Include="board_state.hpp">
      <Filter>Files\Board</Filter>
    </ClInclude>
    <ClInclude Include="move_executor.hpp">
      <Filter>Files\MoveExecution</Filter>
    </ClInclude>
    <ClInclude Include="move_generator.hpp">
      <Filter>Files\MoveGenerator</Filter>
    </ClInclude>
    <ClInclude Include="generator_helpers.hpp">
      <Filter>Files\MoveGenerator</Filter>
    </ClInclude>
    <ClInclude Include="move.hpp">
      <Filter>Files\Board</Filter>
    </ClInclude>
  </ItemGroup>
</Project>